<Project xmlns="http://schemas.microsoft.com/developer/msbuild/2003">
    <PropertyGroup>
        <ProjectGuid>{8B1026A1-8E84-4058-99D9-7C8E218A1644}</ProjectGuid>
        <ProjectVersion>19.3</ProjectVersion>
        <FrameworkType>VCL</FrameworkType>
        <MainSource>WtSystem.dpr</MainSource>
        <Base>True</Base>
        <Config Condition="'$(Config)'==''">Debug</Config>
        <Platform Condition="'$(Platform)'==''">Win32</Platform>
        <TargetedPlatforms>1</TargetedPlatforms>
        <AppType>Application</AppType>
    </PropertyGroup>
    <PropertyGroup Condition="'$(Config)'=='Base' or '$(Base)'!=''">
        <Base>true</Base>
    </PropertyGroup>
    <PropertyGroup Condition="('$(Platform)'=='Win32' and '$(Base)'=='true') or '$(Base_Win32)'!=''">
        <Base_Win32>true</Base_Win32>
        <CfgParent>Base</CfgParent>
        <Base>true</Base>
    </PropertyGroup>
    <PropertyGroup Condition="('$(Platform)'=='Win64' and '$(Base)'=='true') or '$(Base_Win64)'!=''">
        <Base_Win64>true</Base_Win64>
        <CfgParent>Base</CfgParent>
        <Base>true</Base>
    </PropertyGroup>
    <PropertyGroup Condition="'$(Config)'=='Debug' or '$(Cfg_1)'!=''">
        <Cfg_1>true</Cfg_1>
        <CfgParent>Base</CfgParent>
        <Base>true</Base>
    </PropertyGroup>
    <PropertyGroup Condition="('$(Platform)'=='Win32' and '$(Cfg_1)'=='true') or '$(Cfg_1_Win32)'!=''">
        <Cfg_1_Win32>true</Cfg_1_Win32>
        <CfgParent>Cfg_1</CfgParent>
        <Cfg_1>true</Cfg_1>
        <Base>true</Base>
    </PropertyGroup>
    <PropertyGroup Condition="('$(Platform)'=='Win64' and '$(Cfg_1)'=='true') or '$(Cfg_1_Win64)'!=''">
        <Cfg_1_Win64>true</Cfg_1_Win64>
        <CfgParent>Cfg_1</CfgParent>
        <Cfg_1>true</Cfg_1>
        <Base>true</Base>
    </PropertyGroup>
    <PropertyGroup Condition="'$(Config)'=='Release' or '$(Cfg_2)'!=''">
        <Cfg_2>true</Cfg_2>
        <CfgParent>Base</CfgParent>
        <Base>true</Base>
    </PropertyGroup>
    <PropertyGroup Condition="('$(Platform)'=='Win32' and '$(Cfg_2)'=='true') or '$(Cfg_2_Win32)'!=''">
        <Cfg_2_Win32>true</Cfg_2_Win32>
        <CfgParent>Cfg_2</CfgParent>
        <Cfg_2>true</Cfg_2>
        <Base>true</Base>
    </PropertyGroup>
    <PropertyGroup Condition="('$(Platform)'=='Win64' and '$(Cfg_2)'=='true') or '$(Cfg_2_Win64)'!=''">
        <Cfg_2_Win64>true</Cfg_2_Win64>
        <CfgParent>Cfg_2</CfgParent>
        <Cfg_2>true</Cfg_2>
        <Base>true</Base>
    </PropertyGroup>
    <PropertyGroup Condition="'$(Base)'!=''">
        <VCL_Custom_Styles>Light|VCLSTYLE|$(PUBLIC)\Documents\Embarcadero\Studio\14.0\Styles\Light.vsf</VCL_Custom_Styles>
        <VerInfo_Keys>CompanyName=;FileDescription=;FileVersion=1.0.0.0;InternalName=;LegalCopyright=;LegalTrademarks=;OriginalFilename=;ProductName=;ProductVersion=1.0.0.0;Comments=</VerInfo_Keys>
        <Manifest_File>$(BDS)\bin\default_app.manifest</Manifest_File>
        <VerInfo_Locale>1046</VerInfo_Locale>
        <DCC_Namespace>System;Xml;Data;Datasnap;Web;Soap;Vcl;Vcl.Imaging;Vcl.Touch;Vcl.Samples;Vcl.Shell;$(DCC_Namespace)</DCC_Namespace>
        <SanitizedProjectName>WtSystem</SanitizedProjectName>
        <Icon_MainIcon>$(BDS)\bin\delphi_PROJECTICON.ico</Icon_MainIcon>
        <DCC_DcuOutput>.\$(Platform)\$(Config)</DCC_DcuOutput>
        <DCC_ExeOutput>.\$(Platform)\$(Config)</DCC_ExeOutput>
        <DCC_E>false</DCC_E>
        <DCC_N>false</DCC_N>
        <DCC_S>false</DCC_S>
        <DCC_F>false</DCC_F>
        <DCC_K>false</DCC_K>
        <UWP_DelphiLogo44>$(BDS)\bin\Artwork\Windows\UWP\delphi_UwpDefault_44.png</UWP_DelphiLogo44>
        <UWP_DelphiLogo150>$(BDS)\bin\Artwork\Windows\UWP\delphi_UwpDefault_150.png</UWP_DelphiLogo150>
    </PropertyGroup>
    <PropertyGroup Condition="'$(Base_Win32)'!=''">
        <Icon_MainIcon>WtSistema_Icon.ico</Icon_MainIcon>
        <DCC_DcuOutput>../dcu</DCC_DcuOutput>
        <DCC_ExeOutput>../bin</DCC_ExeOutput>
        <VerInfo_Locale>1033</VerInfo_Locale>
        <VerInfo_IncludeVerInfo>true</VerInfo_IncludeVerInfo>
        <DCC_UsePackage>ACBr_Convenio115;FireDACSqliteDriver;FireDACDSDriver;DBXSqliteDriver;ACBr_BoletoRL;FireDACPgDriver;ACBr_GNRE;fmx;ACBr_Diversos;IndySystem;TeeDB;tethering;inetdbbde;vclib;DBXInterBaseDriver;DataSnapClient;DataSnapServer;DataSnapCommon;ACBr_NFeDanfeESCPOS;ACBr_BlocoX;ACBr_synapse;DataSnapProviderClient;DBXSybaseASEDriver;DbxCommonDriver;vclimg;dbxcds;ACBr_Comum;DatasnapConnectorsFreePascal;MetropolisUILiveTile;vcldb;vcldsnap;ACBr_MDFeDamdfeRL;ACBr_SATExtratoESCPOS;fmxFireDAC;DBXDb2Driver;frce;DBXOracleDriver;CustomIPTransport;ACBr_GNREGuiaRL;ACBr_Serial;vclribbon;ACBr_SPED;dsnap;IndyIPServer;ACBr_MDFe;fmxase;vcl;IndyCore;ACBr_DFeComum;ACBr_NFSeDanfseRL;DBXMSSQLDriver;IndyIPCommon;CloudService;FmxTeeUI;FireDACIBDriver;ACBr_Boleto;DataSnapFireDAC;FireDACDBXDriver;ACBr_Sintegra;ACBr_SAT;soapserver;inetdbxpress;ACBr_NFSe;dsnapxml;ACBr_Ponto;FireDACInfxDriver;FireDACDb2Driver;ACBr_LFD;ACBR_DeSTDA;ACBr_PCNComum;adortl;ACBr_TCP;FireDACASADriver;ACBr_SEF2;bindcompfmx;ACBr_PAF;vcldbx;FireDACODBCDriver;RESTBackendComponents;rtl;dbrtl;DbxClientDriver;FireDACCommon;bindcomp;inetdb;ACBr_NFe;Tee;DBXOdbcDriver;ACBr_CTe;vclFireDAC;xmlrtl;DataSnapNativeClient;svnui;ibxpress;ACBr_NFCeECFVirtual;ACBr_NFeDanfeRL;IndyProtocols;DBXMySQLDriver;FireDACCommonDriver;bindcompdbx;bindengine;vclactnband;soaprtl;FMXTee;TeeUI;bindcompvcl;ACBr_CTeDacteRL;vclie;ACBr_OpenSSL;FireDACADSDriver;vcltouch;ACBr_TEFD;VclSmp;FireDACMSSQLDriver;FireDAC;DBXInformixDriver;Intraweb;VCLRESTComponents;DataSnapConnectors;ACBr_SATExtratoRL;DataSnapServerMidas;ACBr_SATECFVirtual;dsnapcon;DBXFirebirdDriver;ACBr_TXTComum;inet;fmxobj;FireDACMySQLDriver;soapmidas;vclx;ACBr_SPEDImportar;svn;DBXSybaseASADriver;FireDACOracleDriver;fmxdae;RESTComponents;bdertl;FireDACMSAccDriver;dbexpress;DataSnapIndy10ServerTransport;IndyIPClient;$(DCC_UsePackage)</DCC_UsePackage>
        <DCC_Namespace>Winapi;System.Win;Data.Win;Datasnap.Win;Web.Win;Soap.Win;Xml.Win;Bde;$(DCC_Namespace)</DCC_Namespace>
        <UWP_DelphiLogo44>$(BDS)\bin\Artwork\Windows\UWP\delphi_UwpDefault_44.png</UWP_DelphiLogo44>
        <UWP_DelphiLogo150>$(BDS)\bin\Artwork\Windows\UWP\delphi_UwpDefault_150.png</UWP_DelphiLogo150>
    </PropertyGroup>
    <PropertyGroup Condition="'$(Base_Win64)'!=''">
        <DCC_Namespace>Winapi;System.Win;Data.Win;Datasnap.Win;Web.Win;Soap.Win;Xml.Win;$(DCC_Namespace)</DCC_Namespace>
        <BT_BuildType>Debug</BT_BuildType>
        <VerInfo_IncludeVerInfo>true</VerInfo_IncludeVerInfo>
        <VerInfo_Keys>CompanyName=;FileDescription=$(MSBuildProjectName);FileVersion=1.0.0.0;InternalName=;LegalCopyright=;LegalTrademarks=;OriginalFilename=;ProgramID=com.embarcadero.$(MSBuildProjectName);ProductName=$(MSBuildProjectName);ProductVersion=1.0.0.0;Comments=</VerInfo_Keys>
        <VerInfo_Locale>1033</VerInfo_Locale>
    </PropertyGroup>
    <PropertyGroup Condition="'$(Cfg_1)'!=''">
        <DCC_Define>DEBUG;$(DCC_Define)</DCC_Define>
        <DCC_DebugDCUs>true</DCC_DebugDCUs>
        <DCC_Optimize>false</DCC_Optimize>
        <DCC_GenerateStackFrames>true</DCC_GenerateStackFrames>
        <DCC_DebugInfoInExe>true</DCC_DebugInfoInExe>
        <DCC_RemoteDebug>true</DCC_RemoteDebug>
    </PropertyGroup>
    <PropertyGroup Condition="'$(Cfg_1_Win32)'!=''">
        <Icon_MainIcon>WtSistema_Icon.ico</Icon_MainIcon>
        <VerInfo_IncludeVerInfo>true</VerInfo_IncludeVerInfo>
        <VerInfo_Locale>1033</VerInfo_Locale>
        <DCC_RemoteDebug>false</DCC_RemoteDebug>
        <BT_BuildType>Debug</BT_BuildType>
    </PropertyGroup>
    <PropertyGroup Condition="'$(Cfg_1_Win64)'!=''">
        <AppEnableRuntimeThemes>true</AppEnableRuntimeThemes>
        <AppDPIAwarenessMode>PerMonitorV2</AppDPIAwarenessMode>
    </PropertyGroup>
    <PropertyGroup Condition="'$(Cfg_2)'!=''">
        <DCC_LocalDebugSymbols>false</DCC_LocalDebugSymbols>
        <DCC_Define>RELEASE;$(DCC_Define)</DCC_Define>
        <DCC_SymbolReferenceInfo>0</DCC_SymbolReferenceInfo>
        <DCC_DebugInformation>0</DCC_DebugInformation>
    </PropertyGroup>
    <PropertyGroup Condition="'$(Cfg_2_Win32)'!=''">
        <Icon_MainIcon>WtSistema_Icon.ico</Icon_MainIcon>
        <VerInfo_Locale>1033</VerInfo_Locale>
        <VerInfo_IncludeVerInfo>true</VerInfo_IncludeVerInfo>
    </PropertyGroup>
    <PropertyGroup Condition="'$(Cfg_2_Win64)'!=''">
        <AppEnableRuntimeThemes>true</AppEnableRuntimeThemes>
        <AppDPIAwarenessMode>PerMonitorV2</AppDPIAwarenessMode>
    </PropertyGroup>
    <ItemGroup>
        <DelphiCompile Include="$(MainSource)">
            <MainSource>MainSource</MainSource>
        </DelphiCompile>
        <DCCReference Include="db\Conexao.pas"/>
        <DCCReference Include="model\Model.pas"/>
        <DCCReference Include="model\User.pas"/>
        <DCCReference Include="model\Empresa.pas"/>
        <DCCReference Include="repository\Repository.pas"/>
        <DCCReference Include="helper\Helper.pas"/>
        <DCCReference Include="form\uformAuthLogin.pas">
            <Form>formAuthLogin</Form>
            <FormType>dfm</FormType>
        </DCCReference>
        <DCCReference Include="form\uformUserCreateEdit.pas">
            <Form>formAuthCreateUser</Form>
            <FormType>dfm</FormType>
        </DCCReference>
        <DCCReference Include="service\AuthService.pas"/>
        <DCCReference Include="form\uformPrincipal.pas">
            <Form>formPrincipal</Form>
            <FormType>dfm</FormType>
        </DCCReference>
        <DCCReference Include="form\uformEmpresaCreateEdit.pas">
            <Form>formAuthCreateEmpresa</Form>
            <FormType>dfm</FormType>
        </DCCReference>
        <DCCReference Include="model\Pessoa.pas"/>
        <DCCReference Include="form\uformPessoaCreateEdit.pas">
            <Form>formPessoaCreateEdit</Form>
            <FormType>dfm</FormType>
        </DCCReference>
        <DCCReference Include="form\uformPessoaList.pas">
            <Form>formPessoaList</Form>
            <FormType>dfm</FormType>
        </DCCReference>
        <DCCReference Include="model\Permission.pas"/>
        <DCCReference Include="model\Role.pas"/>
        <DCCReference Include="form\uformUserList.pas">
            <Form>formUserList</Form>
            <FormType>dfm</FormType>
        </DCCReference>
        <DCCReference Include="form\uformPermissionList.pas">
            <Form>formPermissionList</Form>
            <FormType>dfm</FormType>
        </DCCReference>
        <DCCReference Include="form\uformPermissionCreateEdit.pas">
            <Form>formPermissionCreateEdit</Form>
            <FormType>dfm</FormType>
        </DCCReference>
        <DCCReference Include="form\uformRoleList.pas">
            <Form>formRoleList</Form>
            <FormType>dfm</FormType>
        </DCCReference>
        <DCCReference Include="form\uformRoleCreateEdit.pas">
            <Form>formRoleCreateEdit</Form>
            <FormType>dfm</FormType>
        </DCCReference>
        <DCCReference Include="model\Unidade.pas"/>
        <DCCReference Include="model\Contabilista.pas"/>
        <DCCReference Include="model\Conta.pas"/>
        <DCCReference Include="model\Pagamento.pas"/>
        <DCCReference Include="model\Recebimento.pas"/>
        <DCCReference Include="model\Venda.pas"/>
        <DCCReference Include="model\VendaItem.pas"/>
        <DCCReference Include="model\Categoria.pas"/>
        <DCCReference Include="model\Trasnferencia.pas"/>
        <DCCReference Include="model\Item.pas"/>
        <DCCReference Include="form\uformItemList.pas">
            <Form>formItemList</Form>
            <FormType>dfm</FormType>
        </DCCReference>
        <DCCReference Include="form\uformItemCreateEdit.pas">
            <Form>formItemCreateEdit</Form>
            <FormType>dfm</FormType>
        </DCCReference>
        <DCCReference Include="form\uformUnidadeList.pas">
            <Form>formUnidadeList</Form>
            <FormType>dfm</FormType>
        </DCCReference>
        <DCCReference Include="form\uformUnidadeCreateEdit.pas">
            <Form>formUnidadeCreateEdit</Form>
            <FormType>dfm</FormType>
        </DCCReference>
        <DCCReference Include="form\uformCategoriaList.pas">
            <Form>formCategoriaList</Form>
            <FormType>dfm</FormType>
        </DCCReference>
        <DCCReference Include="form\uformCategoriaCreateEdit.pas">
            <Form>formCategoriaCreateEdit</Form>
            <FormType>dfm</FormType>
        </DCCReference>
        <DCCReference Include="form\uformContabilistaCreateEdit.pas">
            <Form>formContabilistaCreateEdit</Form>
            <FormType>dfm</FormType>
        </DCCReference>
        <DCCReference Include="form\uformVendaCreateEdit.pas">
            <Form>formVendaCreateEdit</Form>
            <FormType>dfm</FormType>
        </DCCReference>
        <DCCReference Include="helper\CustomEditHelper.pas"/>
        <DCCReference Include="form\uformVendaList.pas">
            <Form>formVendaList</Form>
        </DCCReference>
        <DCCReference Include="model\NfeConfiguracao.pas"/>
        <DCCReference Include="form\uformNfeConfiguracaoCreateEdit.pas">
            <Form>formNfeConfiguracaoCreateEdit</Form>
            <FormType>dfm</FormType>
        </DCCReference>
        <DCCReference Include="model\Nfe.pas"/>
        <DCCReference Include="model\NfeDet.pas"/>
        <DCCReference Include="model\NfeDetIcms.pas"/>
        <DCCReference Include="model\NfeDetIpi.pas"/>
        <DCCReference Include="model\NfeDetPis.pas"/>
        <DCCReference Include="model\NfeTotalIcms.pas"/>
        <DCCReference Include="model\NfeTotalIssqn.pas"/>
        <DCCReference Include="model\NfeDetPisSt.pas"/>
        <DCCReference Include="model\NfeDetCofins.pas"/>
        <DCCReference Include="model\NfeDetCofinsSt.pas"/>
        <DCCReference Include="model\NfeDetIi.pas"/>
        <DCCReference Include="model\NfeDetIssqn.pas"/>
        <DCCReference Include="model\NfeDetIcmsUfDest.pas"/>
        <DCCReference Include="model\NfeRefNfe.pas"/>
        <DCCReference Include="model\NfeRefCte.pas"/>
        <DCCReference Include="model\NfeRefNf.pas"/>
        <DCCReference Include="model\NfeRefNfp.pas"/>
        <DCCReference Include="model\NfeRefEcf.pas"/>
        <DCCReference Include="model\NfeDetDi.pas"/>
        <DCCReference Include="model\NfeDetAdi.pas"/>
        <DCCReference Include="model\NfeDetExport.pas"/>
        <DCCReference Include="model\NfeDetRastro.pas"/>
        <DCCReference Include="model\NfeDetVeic.pas"/>
        <DCCReference Include="model\NfeDetMed.pas"/>
        <DCCReference Include="model\NfeDetArma.pas"/>
        <DCCReference Include="model\NfeDetComb.pas"/>
        <DCCReference Include="model\NfeRetirada.pas"/>
        <DCCReference Include="model\NfeEntrega.pas"/>
        <DCCReference Include="model\NfeTransp.pas"/>
        <DCCReference Include="model\NfeTranspRet.pas"/>
        <DCCReference Include="model\NfeTranspVeic.pas"/>
        <DCCReference Include="model\NfeTranspVol.pas"/>
        <DCCReference Include="model\NfeTranspVolLacres.pas"/>
        <DCCReference Include="model\NfeTranspReboque.pas"/>
        <DCCReference Include="model\NfeCobrFat.pas"/>
        <DCCReference Include="model\NfeCobrDup.pas"/>
        <DCCReference Include="model\NfePag.pas"/>
        <DCCReference Include="model\NfeExporta.pas"/>
        <DCCReference Include="model\NfeCompra.pas"/>
        <DCCReference Include="model\NfeCana.pas"/>
        <DCCReference Include="model\NfeCanaFordia.pas"/>
        <DCCReference Include="model\NfeCanaDeduc.pas"/>
        <DCCReference Include="model\NfeTotalRettrib.pas"/>
        <DCCReference Include="model\OperacaoFiscal.pas"/>
        <DCCReference Include="model\GrupoTributario.pas"/>
        <DCCReference Include="form\uformOperacaoFiscalList.pas">
            <Form>formOperacaoFiscalList</Form>
            <FormType>dfm</FormType>
        </DCCReference>
        <DCCReference Include="form\uformOperacaoFiscalCreateEdit.pas">
            <Form>formOperacaoFiscalCreateEdit</Form>
            <FormType>dfm</FormType>
        </DCCReference>
        <DCCReference Include="form\uformGrupoTributarioList.pas">
            <Form>formGrupoTributarioList</Form>
            <FormType>dfm</FormType>
        </DCCReference>
        <DCCReference Include="form\uformGrupoTributarioCreateEdit.pas">
            <Form>formGrupoTributarioCreateEdit</Form>
            <FormType>dfm</FormType>
        </DCCReference>
        <DCCReference Include="form\uformConfiguracaoFiscalList.pas">
            <Form>formConfiguracaoFiscalList</Form>
            <FormType>dfm</FormType>
        </DCCReference>
        <DCCReference Include="model\ConfiguracaoFiscal.pas"/>
        <DCCReference Include="form\uformConfiguracaoFiscalCreateEdit.pas">
            <Form>formConfiguracaoFiscalCreateEdit</Form>
            <FormType>dfm</FormType>
        </DCCReference>
        <DCCReference Include="model\ConfiguracaoFiscalIcms.pas"/>
        <DCCReference Include="form\uformConfiguracaoFiscalIcmsCreateEdit.pas">
            <Form>formConfiguracaoFiscalIcmsCreateEdit</Form>
            <FormType>dfm</FormType>
        </DCCReference>
        <DCCReference Include="model\ConfiguracaoFiscalIpi.pas"/>
        <DCCReference Include="model\ConfiguracaoFiscalPis.pas"/>
        <DCCReference Include="model\ConfiguracaoFiscalCofins.pas"/>
        <DCCReference Include="form\uformNfeList.pas">
            <Form>formNfeList</Form>
            <FormType>dfm</FormType>
        </DCCReference>
        <DCCReference Include="form\uformNfeCreateEdit.pas">
            <Form>formNfeCreateEdit</Form>
            <FormType>dfm</FormType>
        </DCCReference>
        <DCCReference Include="form\uformNfeDetCreateEdit.pas">
            <Form>formNfeDetCreateEdit</Form>
            <FormType>dfm</FormType>
        </DCCReference>
        <DCCReference Include="model\ViewCfIcms.pas"/>
        <DCCReference Include="model\ViewCfIpi.pas"/>
        <DCCReference Include="model\ViewCfPis.pas"/>
        <DCCReference Include="model\ViewCfCofins.pas"/>
        <DCCReference Include="form\uformNcmIBPTax.pas">
            <Form>formNcmIBPTax</Form>
            <FormType>dfm</FormType>
        </DCCReference>
        <DCCReference Include="model\Ncm.pas"/>
        <DCCReference Include="model\FormaRecebimento.pas"/>
        <DCCReference Include="model\VendaRecebimento.pas"/>
        <DCCReference Include="form\uformFormaRecebimentoList.pas">
            <Form>formFormaRecebimentoList</Form>
            <FormType>dfm</FormType>
        </DCCReference>
        <DCCReference Include="form\uformFormaRecebimentoCreateEdit.pas">
            <Form>formFormaRecebimentoCreateEdit</Form>
            <FormType>dfm</FormType>
        </DCCReference>
        <DCCReference Include="form\uformVendaFinalizar.pas">
            <Form>formVendaFinalizar</Form>
            <FormType>dfm</FormType>
        </DCCReference>
        <DCCReference Include="form\uformRecebimentoList.pas">
            <Form>formRecebimentoList</Form>
            <FormType>dfm</FormType>
        </DCCReference>
        <DCCReference Include="form\uformRecebimentoCreateEdit.pas">
            <Form>formRecebimentoCreateEdit</Form>
            <FormType>dfm</FormType>
        </DCCReference>
        <DCCReference Include="form\uformContaList.pas">
            <Form>formContaList</Form>
            <FormType>dfm</FormType>
        </DCCReference>
        <DCCReference Include="form\uformContaCreateEdit.pas">
            <Form>formContaCreateEdit</Form>
            <FormType>dfm</FormType>
        </DCCReference>
        <DCCReference Include="model\Boleto.pas"/>
        <DCCReference Include="model\Cedente.pas"/>
        <DCCReference Include="model\BoletoConfiguracao.pas"/>
        <DCCReference Include="form\uformBoletoCreateEdit.pas">
            <Form>formBoletoCreateEdit</Form>
            <FormType>dfm</FormType>
        </DCCReference>
        <DCCReference Include="model\BoletoRemessa.pas"/>
        <DCCReference Include="form\uformBoletoRemessaList.pas">
            <Form>formBoletoRemessaList</Form>
            <FormType>dfm</FormType>
        </DCCReference>
        <DCCReference Include="model\BoletoRetorno.pas"/>
        <DCCReference Include="form\uformBoletoRetornoList.pas">
            <Form>formBoletoRetornoList</Form>
            <FormType>dfm</FormType>
        </DCCReference>
        <DCCReference Include="dm\udmRepository.pas">
            <Form>dmRepository</Form>
            <FormType>dfm</FormType>
            <DesignClass>TDataModule</DesignClass>
        </DCCReference>
        <DCCReference Include="form\uformMensagem.pas">
            <Form>formMensagem</Form>
            <FormType>dfm</FormType>
        </DCCReference>
        <DCCReference Include="form\uformPagamentoList.pas">
            <Form>formPagamentoList</Form>
            <FormType>dfm</FormType>
        </DCCReference>
        <DCCReference Include="form\uformPagamentoCreateEdit.pas">
            <Form>formPagamentoCreateEdit</Form>
            <FormType>dfm</FormType>
        </DCCReference>
        <DCCReference Include="model\EmpresaConfiguracao.pas"/>
        <DCCReference Include="form\uformEmpresaConfiguracaoCreateEdit.pas">
            <Form>formEmpresaConfiguracaoCreateEdit</Form>
            <FormType>dfm</FormType>
        </DCCReference>
        <DCCReference Include="form\uformVendaParcelamento.pas">
            <Form>formVendaParcelamento</Form>
            <FormType>dfm</FormType>
        </DCCReference>
        <DCCReference Include="form\uformInfCplList.pas">
            <Form>formInfCplList</Form>
            <FormType>dfm</FormType>
        </DCCReference>
        <DCCReference Include="model\NfeInfcpl.pas"/>
        <DCCReference Include="model\NfeInfadfisco.pas"/>
        <DCCReference Include="form\uformInfCplCreateEdit.pas">
            <Form>formInfCplCreateEdit</Form>
            <FormType>dfm</FormType>
        </DCCReference>
        <DCCReference Include="form\uformInfadfiscoList.pas">
            <Form>formInfadfiscoList</Form>
            <FormType>dfm</FormType>
        </DCCReference>
        <DCCReference Include="form\uformInfadfiscoCreateEdit.pas">
            <Form>formInfadfiscoCreateEdit</Form>
            <FormType>dfm</FormType>
        </DCCReference>
        <DCCReference Include="model\Compra.pas"/>
        <DCCReference Include="model\CompraItem.pas"/>
        <DCCReference Include="form\uformCompraList.pas">
            <Form>formCompraList</Form>
            <FormType>dfm</FormType>
        </DCCReference>
        <DCCReference Include="form\uformCompraCreateEdit.pas">
            <Form>formCompraCreateEdit</Form>
            <FormType>dfm</FormType>
        </DCCReference>
        <DCCReference Include="form\uformCompraFinalizar.pas">
            <Form>formCompraFinalizar</Form>
            <FormType>dfm</FormType>
        </DCCReference>
        <DCCReference Include="form\uformDescription.pas">
            <Form>formDescription</Form>
            <FormType>dfm</FormType>
        </DCCReference>
        <DCCReference Include="form\uformEstoqueList.pas">
            <Form>formEstoqueList</Form>
            <FormType>dfm</FormType>
        </DCCReference>
        <DCCReference Include="form\uformItemMovimentoList.pas">
            <Form>formItemMovimentoList</Form>
            <FormType>dfm</FormType>
        </DCCReference>
        <DCCReference Include="model\ItemInventario.pas"/>
        <DCCReference Include="form\uformItemInventarioCreate.pas">
            <Form>formItemInventarioCreate</Form>
            <FormType>dfm</FormType>
        </DCCReference>
        <DCCReference Include="form\uformNfeRecebidasList.pas">
            <Form>formNfeRecebidasList</Form>
            <FormType>dfm</FormType>
        </DCCReference>
        <DCCReference Include="form\uformNfeRecebidaDetList.pas">
            <Form>formNfeRecebidaDetList</Form>
            <FormType>dfm</FormType>
        </DCCReference>
        <DCCReference Include="model\ItemCodigo.pas"/>
        <DCCReference Include="form\uformNfeRecebidaDetEdit.pas">
            <Form>formNfeRecebidaDetEdit</Form>
            <FormType>dfm</FormType>
        </DCCReference>
        <DCCReference Include="model\UnidadeConversao.pas"/>
        <DCCReference Include="model\Wt.pas"/>
        <DCCReference Include="form\uformBloqueio.pas">
            <Form>formBloqueio</Form>
            <FormType>dfm</FormType>
        </DCCReference>
        <DCCReference Include="form\uformItemUnidadeConversorList.pas">
            <Form>formItemUnidadeConversorList</Form>
            <FormType>dfm</FormType>
        </DCCReference>
        <DCCReference Include="form\uformItemUnidadeConversorCreateEdit.pas">
            <Form>formItemUnidadeConversorCreateEdit</Form>
            <FormType>dfm</FormType>
        </DCCReference>
        <DCCReference Include="model\UnidadeConversaoCodigo.pas"/>
        <DCCReference Include="form\uformCompraItensAjuste.pas">
            <Form>formCompraItensAjuste</Form>
            <FormType>dfm</FormType>
        </DCCReference>
        <DCCReference Include="form\uformCedenteCreateEdit.pas">
            <Form>formCedenteCreateEdit</Form>
            <FormType>dfm</FormType>
        </DCCReference>
        <DCCReference Include="form\uformNfeEmpresaList.pas">
            <Form>formNfeEmpresaList</Form>
            <FormType>dfm</FormType>
        </DCCReference>
        <DCCReference Include="model\ViewContaExtrato.pas"/>
        <DCCReference Include="model\Sped.pas"/>
        <DCCReference Include="form\uformSPEDList.pas">
            <Form>formSPEDList</Form>
            <FormType>dfm</FormType>
        </DCCReference>
        <DCCReference Include="form\uformSPEDCreateEdit.pas">
            <Form>formSPEDCreateEdit</Form>
            <FormType>dfm</FormType>
        </DCCReference>
        <DCCReference Include="model\ViewSped0150.pas"/>
        <DCCReference Include="model\ViewSped0190.pas"/>
        <DCCReference Include="model\ViewSped0200.pas"/>
        <DCCReference Include="model\ViewSpedC100.pas"/>
        <DCCReference Include="model\ViewSpedC190.pas"/>
        <DCCReference Include="model\Cartao.pas"/>
        <DCCReference Include="form\uformCartaoList.pas">
            <Form>formCartaoList</Form>
            <FormType>dfm</FormType>
        </DCCReference>
        <DCCReference Include="form\uformCartaoCreateEdit.pas">
            <Form>formCartaoCreateEdit</Form>
            <FormType>dfm</FormType>
        </DCCReference>
        <DCCReference Include="form\uformCartaoParcelamento.pas">
            <Form>formCartaoParcelamento</Form>
            <FormType>dfm</FormType>
        </DCCReference>
        <DCCReference Include="form\uformOrcamentoList.pas">
            <Form>formOrcamentoList</Form>
            <FormType>dfm</FormType>
        </DCCReference>
        <DCCReference Include="form\uformPrint.pas">
            <Form>formPrint</Form>
            <FormType>dfm</FormType>
        </DCCReference>
        <DCCReference Include="model\NfeNumero.pas"/>
        <DCCReference Include="form\uformNfeNumeroList.pas">
            <Form>formNfeNumeroList</Form>
            <FormType>dfm</FormType>
        </DCCReference>
        <DCCReference Include="form\uformNfeNumeroCreateEdit.pas">
            <Form>formNfeNumeroCreateEdit</Form>
            <FormType>dfm</FormType>
        </DCCReference>
        <DCCReference Include="form\uformCompraOrcamentoList.pas">
            <Form>formCompraOrcamentoList</Form>
            <FormType>dfm</FormType>
        </DCCReference>
        <DCCReference Include="model\Terminal.pas"/>
        <DCCReference Include="form\uformTerminalList.pas">
            <Form>formTerminalList</Form>
            <FormType>dfm</FormType>
        </DCCReference>
        <DCCReference Include="form\uformTerminalCreateEdit.pas">
            <Form>formTerminalCreateEdit</Form>
            <FormType>dfm</FormType>
        </DCCReference>
        <DCCReference Include="model\Turno.pas"/>
        <DCCReference Include="form\uformTurnoList.pas">
            <Form>formTurnoList</Form>
            <FormType>dfm</FormType>
        </DCCReference>
        <DCCReference Include="form\uformBase.pas">
            <Form>formBase</Form>
            <FormType>dfm</FormType>
        </DCCReference>
        <DCCReference Include="form\uformTurnoCreateEdit.pas">
            <Form>formTurnoCreateEdit</Form>
            <FormType>dfm</FormType>
        </DCCReference>
        <BuildConfiguration Include="Base">
            <Key>Base</Key>
        </BuildConfiguration>
        <BuildConfiguration Include="Debug">
            <Key>Cfg_1</Key>
            <CfgParent>Base</CfgParent>
        </BuildConfiguration>
        <BuildConfiguration Include="Release">
            <Key>Cfg_2</Key>
            <CfgParent>Base</CfgParent>
        </BuildConfiguration>
    </ItemGroup>
    <ProjectExtensions>
        <Borland.Personality>Delphi.Personality.12</Borland.Personality>
        <Borland.ProjectType/>
        <BorlandProject>
            <Delphi.Personality>
                <Source>
                    <Source Name="MainSource">WtSystem.dpr</Source>
                </Source>
                <Excluded_Packages>
                    <Excluded_Packages Name="$(BDSBIN)\dcloffice2k250.bpl">Microsoft Office 2000 Sample Automation Server Wrapper Components</Excluded_Packages>
                    <Excluded_Packages Name="$(BDSBIN)\dclofficexp250.bpl">Microsoft Office XP Sample Automation Server Wrapper Components</Excluded_Packages>
                </Excluded_Packages>
            </Delphi.Personality>
            <Deployment Version="3">
                <DeployFile LocalName="..\Bin\WtSistema.exe" Configuration="Debug" Class="ProjectOutput"/>
                <DeployClass Name="AdditionalDebugSymbols">
                    <Platform Name="iOSSimulator">
                        <Operation>1</Operation>
                    </Platform>
                    <Platform Name="OSX32">
                        <RemoteDir>Contents\MacOS</RemoteDir>
                        <Operation>1</Operation>
                    </Platform>
                    <Platform Name="Win32">
                        <Operation>0</Operation>
                    </Platform>
                </DeployClass>
                <DeployClass Name="AndroidClasses">
                    <Platform Name="Android">
                        <RemoteDir>classes</RemoteDir>
                        <Operation>64</Operation>
                    </Platform>
                    <Platform Name="Android64">
                        <RemoteDir>classes</RemoteDir>
                        <Operation>64</Operation>
                    </Platform>
                </DeployClass>
                <DeployClass Name="AndroidClassesDexFile">
                    <Platform Name="Android">
                        <RemoteDir>classes</RemoteDir>
                        <Operation>1</Operation>
                    </Platform>
                    <Platform Name="Android64">
                        <RemoteDir>classes</RemoteDir>
                        <Operation>1</Operation>
                    </Platform>
                </DeployClass>
                <DeployClass Name="AndroidFileProvider">
                    <Platform Name="Android">
                        <RemoteDir>res\xml</RemoteDir>
                        <Operation>1</Operation>
                    </Platform>
                    <Platform Name="Android64">
                        <RemoteDir>res\xml</RemoteDir>
                        <Operation>1</Operation>
                    </Platform>
                </DeployClass>
                <DeployClass Name="AndroidGDBServer">
                    <Platform Name="Android">
                        <RemoteDir>library\lib\armeabi-v7a</RemoteDir>
                        <Operation>1</Operation>
                    </Platform>
                </DeployClass>
                <DeployClass Name="AndroidLibnativeArmeabiFile">
                    <Platform Name="Android">
                        <RemoteDir>library\lib\armeabi</RemoteDir>
                        <Operation>1</Operation>
                    </Platform>
                    <Platform Name="Android64">
                        <RemoteDir>library\lib\armeabi</RemoteDir>
                        <Operation>1</Operation>
                    </Platform>
                </DeployClass>
                <DeployClass Name="AndroidLibnativeArmeabiv7aFile">
                    <Platform Name="Android64">
                        <RemoteDir>library\lib\armeabi-v7a</RemoteDir>
                        <Operation>1</Operation>
                    </Platform>
                </DeployClass>
                <DeployClass Name="AndroidLibnativeMipsFile">
                    <Platform Name="Android">
                        <RemoteDir>library\lib\mips</RemoteDir>
                        <Operation>1</Operation>
                    </Platform>
                    <Platform Name="Android64">
                        <RemoteDir>library\lib\mips</RemoteDir>
                        <Operation>1</Operation>
                    </Platform>
                </DeployClass>
                <DeployClass Name="AndroidServiceOutput">
                    <Platform Name="Android">
                        <RemoteDir>library\lib\armeabi-v7a</RemoteDir>
                        <Operation>1</Operation>
                    </Platform>
                    <Platform Name="Android64">
                        <RemoteDir>library\lib\arm64-v8a</RemoteDir>
                        <Operation>1</Operation>
                    </Platform>
                </DeployClass>
                <DeployClass Name="AndroidServiceOutput_Android32">
                    <Platform Name="Android64">
                        <RemoteDir>library\lib\armeabi-v7a</RemoteDir>
                        <Operation>1</Operation>
                    </Platform>
                </DeployClass>
                <DeployClass Name="AndroidSplashImageDef">
                    <Platform Name="Android">
                        <RemoteDir>res\drawable</RemoteDir>
                        <Operation>1</Operation>
                    </Platform>
                    <Platform Name="Android64">
                        <RemoteDir>res\drawable</RemoteDir>
                        <Operation>1</Operation>
                    </Platform>
                </DeployClass>
                <DeployClass Name="AndroidSplashStyles">
                    <Platform Name="Android">
                        <RemoteDir>res\values</RemoteDir>
                        <Operation>1</Operation>
                    </Platform>
                    <Platform Name="Android64">
                        <RemoteDir>res\values</RemoteDir>
                        <Operation>1</Operation>
                    </Platform>
                </DeployClass>
                <DeployClass Name="AndroidSplashStylesV21">
                    <Platform Name="Android">
                        <RemoteDir>res\values-v21</RemoteDir>
                        <Operation>1</Operation>
                    </Platform>
                    <Platform Name="Android64">
                        <RemoteDir>res\values-v21</RemoteDir>
                        <Operation>1</Operation>
                    </Platform>
                </DeployClass>
                <DeployClass Name="Android_Colors">
                    <Platform Name="Android">
                        <RemoteDir>res\values</RemoteDir>
                        <Operation>1</Operation>
                    </Platform>
                    <Platform Name="Android64">
                        <RemoteDir>res\values</RemoteDir>
                        <Operation>1</Operation>
                    </Platform>
                </DeployClass>
                <DeployClass Name="Android_DefaultAppIcon">
                    <Platform Name="Android">
                        <RemoteDir>res\drawable</RemoteDir>
                        <Operation>1</Operation>
                    </Platform>
                    <Platform Name="Android64">
                        <RemoteDir>res\drawable</RemoteDir>
                        <Operation>1</Operation>
                    </Platform>
                </DeployClass>
                <DeployClass Name="Android_LauncherIcon144">
                    <Platform Name="Android">
                        <RemoteDir>res\drawable-xxhdpi</RemoteDir>
                        <Operation>1</Operation>
                    </Platform>
                    <Platform Name="Android64">
                        <RemoteDir>res\drawable-xxhdpi</RemoteDir>
                        <Operation>1</Operation>
                    </Platform>
                </DeployClass>
                <DeployClass Name="Android_LauncherIcon192">
                    <Platform Name="Android">
                        <RemoteDir>res\drawable-xxxhdpi</RemoteDir>
                        <Operation>1</Operation>
                    </Platform>
                    <Platform Name="Android64">
                        <RemoteDir>res\drawable-xxxhdpi</RemoteDir>
                        <Operation>1</Operation>
                    </Platform>
                </DeployClass>
                <DeployClass Name="Android_LauncherIcon36">
                    <Platform Name="Android">
                        <RemoteDir>res\drawable-ldpi</RemoteDir>
                        <Operation>1</Operation>
                    </Platform>
                    <Platform Name="Android64">
                        <RemoteDir>res\drawable-ldpi</RemoteDir>
                        <Operation>1</Operation>
                    </Platform>
                </DeployClass>
                <DeployClass Name="Android_LauncherIcon48">
                    <Platform Name="Android">
                        <RemoteDir>res\drawable-mdpi</RemoteDir>
                        <Operation>1</Operation>
                    </Platform>
                    <Platform Name="Android64">
                        <RemoteDir>res\drawable-mdpi</RemoteDir>
                        <Operation>1</Operation>
                    </Platform>
                </DeployClass>
                <DeployClass Name="Android_LauncherIcon72">
                    <Platform Name="Android">
                        <RemoteDir>res\drawable-hdpi</RemoteDir>
                        <Operation>1</Operation>
                    </Platform>
                    <Platform Name="Android64">
                        <RemoteDir>res\drawable-hdpi</RemoteDir>
                        <Operation>1</Operation>
                    </Platform>
                </DeployClass>
                <DeployClass Name="Android_LauncherIcon96">
                    <Platform Name="Android">
                        <RemoteDir>res\drawable-xhdpi</RemoteDir>
                        <Operation>1</Operation>
                    </Platform>
                    <Platform Name="Android64">
                        <RemoteDir>res\drawable-xhdpi</RemoteDir>
                        <Operation>1</Operation>
                    </Platform>
                </DeployClass>
                <DeployClass Name="Android_NotificationIcon24">
                    <Platform Name="Android">
                        <RemoteDir>res\drawable-mdpi</RemoteDir>
                        <Operation>1</Operation>
                    </Platform>
                    <Platform Name="Android64">
                        <RemoteDir>res\drawable-mdpi</RemoteDir>
                        <Operation>1</Operation>
                    </Platform>
                </DeployClass>
                <DeployClass Name="Android_NotificationIcon36">
                    <Platform Name="Android">
                        <RemoteDir>res\drawable-hdpi</RemoteDir>
                        <Operation>1</Operation>
                    </Platform>
                    <Platform Name="Android64">
                        <RemoteDir>res\drawable-hdpi</RemoteDir>
                        <Operation>1</Operation>
                    </Platform>
                </DeployClass>
                <DeployClass Name="Android_NotificationIcon48">
                    <Platform Name="Android">
                        <RemoteDir>res\drawable-xhdpi</RemoteDir>
                        <Operation>1</Operation>
                    </Platform>
                    <Platform Name="Android64">
                        <RemoteDir>res\drawable-xhdpi</RemoteDir>
                        <Operation>1</Operation>
                    </Platform>
                </DeployClass>
                <DeployClass Name="Android_NotificationIcon72">
                    <Platform Name="Android">
                        <RemoteDir>res\drawable-xxhdpi</RemoteDir>
                        <Operation>1</Operation>
                    </Platform>
                    <Platform Name="Android64">
                        <RemoteDir>res\drawable-xxhdpi</RemoteDir>
                        <Operation>1</Operation>
                    </Platform>
                </DeployClass>
                <DeployClass Name="Android_NotificationIcon96">
                    <Platform Name="Android">
                        <RemoteDir>res\drawable-xxxhdpi</RemoteDir>
                        <Operation>1</Operation>
                    </Platform>
                    <Platform Name="Android64">
                        <RemoteDir>res\drawable-xxxhdpi</RemoteDir>
                        <Operation>1</Operation>
                    </Platform>
                </DeployClass>
                <DeployClass Name="Android_SplashImage426">
                    <Platform Name="Android">
                        <RemoteDir>res\drawable-small</RemoteDir>
                        <Operation>1</Operation>
                    </Platform>
                    <Platform Name="Android64">
                        <RemoteDir>res\drawable-small</RemoteDir>
                        <Operation>1</Operation>
                    </Platform>
                </DeployClass>
                <DeployClass Name="Android_SplashImage470">
                    <Platform Name="Android">
                        <RemoteDir>res\drawable-normal</RemoteDir>
                        <Operation>1</Operation>
                    </Platform>
                    <Platform Name="Android64">
                        <RemoteDir>res\drawable-normal</RemoteDir>
                        <Operation>1</Operation>
                    </Platform>
                </DeployClass>
                <DeployClass Name="Android_SplashImage640">
                    <Platform Name="Android">
                        <RemoteDir>res\drawable-large</RemoteDir>
                        <Operation>1</Operation>
                    </Platform>
                    <Platform Name="Android64">
                        <RemoteDir>res\drawable-large</RemoteDir>
                        <Operation>1</Operation>
                    </Platform>
                </DeployClass>
                <DeployClass Name="Android_SplashImage960">
                    <Platform Name="Android">
                        <RemoteDir>res\drawable-xlarge</RemoteDir>
                        <Operation>1</Operation>
                    </Platform>
                    <Platform Name="Android64">
                        <RemoteDir>res\drawable-xlarge</RemoteDir>
                        <Operation>1</Operation>
                    </Platform>
                </DeployClass>
                <DeployClass Name="Android_Strings">
                    <Platform Name="Android">
                        <RemoteDir>res\values</RemoteDir>
                        <Operation>1</Operation>
                    </Platform>
                    <Platform Name="Android64">
                        <RemoteDir>res\values</RemoteDir>
                        <Operation>1</Operation>
                    </Platform>
                </DeployClass>
                <DeployClass Name="DebugSymbols">
                    <Platform Name="iOSSimulator">
                        <Operation>1</Operation>
                    </Platform>
                    <Platform Name="OSX32">
                        <RemoteDir>Contents\MacOS</RemoteDir>
                        <Operation>1</Operation>
                    </Platform>
                    <Platform Name="Win32">
                        <Operation>0</Operation>
                    </Platform>
                </DeployClass>
                <DeployClass Name="DependencyFramework">
                    <Platform Name="OSX32">
                        <RemoteDir>Contents\MacOS</RemoteDir>
                        <Operation>1</Operation>
                        <Extensions>.framework</Extensions>
                    </Platform>
                    <Platform Name="OSX64">
                        <RemoteDir>Contents\MacOS</RemoteDir>
                        <Operation>1</Operation>
                        <Extensions>.framework</Extensions>
                    </Platform>
                    <Platform Name="OSXARM64">
                        <RemoteDir>Contents\MacOS</RemoteDir>
                        <Operation>1</Operation>
                        <Extensions>.framework</Extensions>
                    </Platform>
                    <Platform Name="Win32">
                        <Operation>0</Operation>
                    </Platform>
                </DeployClass>
                <DeployClass Name="DependencyModule">
                    <Platform Name="iOSDevice32">
                        <Operation>1</Operation>
                        <Extensions>.dylib</Extensions>
                    </Platform>
                    <Platform Name="iOSDevice64">
                        <Operation>1</Operation>
                        <Extensions>.dylib</Extensions>
                    </Platform>
                    <Platform Name="iOSSimulator">
                        <Operation>1</Operation>
                        <Extensions>.dylib</Extensions>
                    </Platform>
                    <Platform Name="OSX32">
                        <RemoteDir>Contents\MacOS</RemoteDir>
                        <Operation>1</Operation>
                        <Extensions>.dylib</Extensions>
                    </Platform>
                    <Platform Name="OSX64">
                        <RemoteDir>Contents\MacOS</RemoteDir>
                        <Operation>1</Operation>
                        <Extensions>.dylib</Extensions>
                    </Platform>
                    <Platform Name="OSXARM64">
                        <RemoteDir>Contents\MacOS</RemoteDir>
                        <Operation>1</Operation>
                        <Extensions>.dylib</Extensions>
                    </Platform>
                    <Platform Name="Win32">
                        <Operation>0</Operation>
                        <Extensions>.dll;.bpl</Extensions>
                    </Platform>
                </DeployClass>
                <DeployClass Required="true" Name="DependencyPackage">
                    <Platform Name="iOSDevice32">
                        <Operation>1</Operation>
                        <Extensions>.dylib</Extensions>
                    </Platform>
                    <Platform Name="iOSDevice64">
                        <Operation>1</Operation>
                        <Extensions>.dylib</Extensions>
                    </Platform>
                    <Platform Name="iOSSimulator">
                        <Operation>1</Operation>
                        <Extensions>.dylib</Extensions>
                    </Platform>
                    <Platform Name="OSX32">
                        <RemoteDir>Contents\MacOS</RemoteDir>
                        <Operation>1</Operation>
                        <Extensions>.dylib</Extensions>
                    </Platform>
                    <Platform Name="OSX64">
                        <RemoteDir>Contents\MacOS</RemoteDir>
                        <Operation>1</Operation>
                        <Extensions>.dylib</Extensions>
                    </Platform>
                    <Platform Name="OSXARM64">
                        <RemoteDir>Contents\MacOS</RemoteDir>
                        <Operation>1</Operation>
                        <Extensions>.dylib</Extensions>
                    </Platform>
                    <Platform Name="Win32">
                        <Operation>0</Operation>
                        <Extensions>.bpl</Extensions>
                    </Platform>
                </DeployClass>
                <DeployClass Name="File">
                    <Platform Name="Android">
                        <Operation>0</Operation>
                    </Platform>
                    <Platform Name="Android64">
                        <Operation>0</Operation>
                    </Platform>
                    <Platform Name="iOSDevice32">
                        <Operation>0</Operation>
                    </Platform>
                    <Platform Name="iOSDevice64">
                        <Operation>0</Operation>
                    </Platform>
                    <Platform Name="iOSSimulator">
                        <Operation>0</Operation>
                    </Platform>
                    <Platform Name="OSX32">
                        <RemoteDir>Contents\Resources\StartUp\</RemoteDir>
                        <Operation>0</Operation>
                    </Platform>
                    <Platform Name="OSX64">
                        <RemoteDir>Contents\Resources\StartUp\</RemoteDir>
                        <Operation>0</Operation>
                    </Platform>
                    <Platform Name="OSXARM64">
                        <RemoteDir>Contents\Resources\StartUp\</RemoteDir>
                        <Operation>0</Operation>
                    </Platform>
                    <Platform Name="Win32">
                        <Operation>0</Operation>
                    </Platform>
                </DeployClass>
                <DeployClass Name="iOS_AppStore1024">
                    <Platform Name="iOSDevice64">
                        <RemoteDir>..\$(PROJECTNAME).launchscreen\Assets\AppIcon.appiconset</RemoteDir>
                        <Operation>1</Operation>
                    </Platform>
                </DeployClass>
                <DeployClass Name="iPad_AppIcon152">
                    <Platform Name="iOSDevice64">
                        <RemoteDir>..\$(PROJECTNAME).launchscreen\Assets\AppIcon.appiconset</RemoteDir>
                        <Operation>1</Operation>
                    </Platform>
                    <Platform Name="iOSSimulator">
                        <RemoteDir>..\$(PROJECTNAME).launchscreen\Assets\AppIcon.appiconset</RemoteDir>
                        <Operation>1</Operation>
                    </Platform>
                </DeployClass>
                <DeployClass Name="iPad_AppIcon167">
                    <Platform Name="iOSDevice64">
                        <RemoteDir>..\$(PROJECTNAME).launchscreen\Assets\AppIcon.appiconset</RemoteDir>
                        <Operation>1</Operation>
                    </Platform>
                    <Platform Name="iOSSimulator">
                        <RemoteDir>..\$(PROJECTNAME).launchscreen\Assets\AppIcon.appiconset</RemoteDir>
                        <Operation>1</Operation>
                    </Platform>
                </DeployClass>
                <DeployClass Name="iPad_Launch1024">
                    <Platform Name="iOSDevice32">
                        <Operation>1</Operation>
                    </Platform>
                    <Platform Name="iOSDevice64">
                        <Operation>1</Operation>
                    </Platform>
                    <Platform Name="iOSSimulator">
                        <Operation>1</Operation>
                    </Platform>
                </DeployClass>
                <DeployClass Name="iPad_Launch1536">
                    <Platform Name="iOSDevice32">
                        <Operation>1</Operation>
                    </Platform>
                    <Platform Name="iOSDevice64">
                        <Operation>1</Operation>
                    </Platform>
                    <Platform Name="iOSSimulator">
                        <Operation>1</Operation>
                    </Platform>
                </DeployClass>
                <DeployClass Name="iPad_Launch2048">
                    <Platform Name="iOSDevice32">
                        <Operation>1</Operation>
                    </Platform>
                    <Platform Name="iOSDevice64">
                        <Operation>1</Operation>
                    </Platform>
                    <Platform Name="iOSSimulator">
                        <Operation>1</Operation>
                    </Platform>
                </DeployClass>
                <DeployClass Name="iPad_Launch2x">
                    <Platform Name="iOSDevice64">
                        <RemoteDir>..\$(PROJECTNAME).launchscreen\Assets\LaunchScreenImage.imageset</RemoteDir>
                        <Operation>1</Operation>
                    </Platform>
                    <Platform Name="iOSSimulator">
                        <RemoteDir>..\$(PROJECTNAME).launchscreen\Assets\LaunchScreenImage.imageset</RemoteDir>
                        <Operation>1</Operation>
                    </Platform>
                </DeployClass>
                <DeployClass Name="iPad_Launch768">
                    <Platform Name="iOSDevice32">
                        <Operation>1</Operation>
                    </Platform>
                    <Platform Name="iOSDevice64">
                        <Operation>1</Operation>
                    </Platform>
                    <Platform Name="iOSSimulator">
                        <Operation>1</Operation>
                    </Platform>
                </DeployClass>
                <DeployClass Name="iPad_LaunchDark2x">
                    <Platform Name="iOSDevice64">
                        <RemoteDir>..\$(PROJECTNAME).launchscreen\Assets\LaunchScreenImage.imageset</RemoteDir>
                        <Operation>1</Operation>
                    </Platform>
                    <Platform Name="iOSSimulator">
                        <RemoteDir>..\$(PROJECTNAME).launchscreen\Assets\LaunchScreenImage.imageset</RemoteDir>
                        <Operation>1</Operation>
                    </Platform>
                </DeployClass>
                <DeployClass Name="iPad_Notification40">
                    <Platform Name="iOSDevice64">
                        <RemoteDir>..\$(PROJECTNAME).launchscreen\Assets\AppIcon.appiconset</RemoteDir>
                        <Operation>1</Operation>
                    </Platform>
                    <Platform Name="iOSSimulator">
                        <RemoteDir>..\$(PROJECTNAME).launchscreen\Assets\AppIcon.appiconset</RemoteDir>
                        <Operation>1</Operation>
                    </Platform>
                </DeployClass>
                <DeployClass Name="iPad_Setting58">
                    <Platform Name="iOSDevice64">
                        <RemoteDir>..\$(PROJECTNAME).launchscreen\Assets\AppIcon.appiconset</RemoteDir>
                        <Operation>1</Operation>
                    </Platform>
                    <Platform Name="iOSSimulator">
                        <RemoteDir>..\$(PROJECTNAME).launchscreen\Assets\AppIcon.appiconset</RemoteDir>
                        <Operation>1</Operation>
                    </Platform>
                </DeployClass>
                <DeployClass Name="iPad_SpotLight80">
                    <Platform Name="iOSDevice64">
                        <RemoteDir>..\$(PROJECTNAME).launchscreen\Assets\AppIcon.appiconset</RemoteDir>
                        <Operation>1</Operation>
                    </Platform>
                    <Platform Name="iOSSimulator">
                        <RemoteDir>..\$(PROJECTNAME).launchscreen\Assets\AppIcon.appiconset</RemoteDir>
                        <Operation>1</Operation>
                    </Platform>
                </DeployClass>
                <DeployClass Name="iPhone_AppIcon120">
                    <Platform Name="iOSDevice64">
                        <RemoteDir>..\$(PROJECTNAME).launchscreen\Assets\AppIcon.appiconset</RemoteDir>
                        <Operation>1</Operation>
                    </Platform>
                    <Platform Name="iOSSimulator">
                        <RemoteDir>..\$(PROJECTNAME).launchscreen\Assets\AppIcon.appiconset</RemoteDir>
                        <Operation>1</Operation>
                    </Platform>
                </DeployClass>
                <DeployClass Name="iPhone_AppIcon180">
                    <Platform Name="iOSDevice64">
                        <RemoteDir>..\$(PROJECTNAME).launchscreen\Assets\AppIcon.appiconset</RemoteDir>
                        <Operation>1</Operation>
                    </Platform>
                    <Platform Name="iOSSimulator">
                        <RemoteDir>..\$(PROJECTNAME).launchscreen\Assets\AppIcon.appiconset</RemoteDir>
                        <Operation>1</Operation>
                    </Platform>
                </DeployClass>
                <DeployClass Name="iPhone_Launch2x">
                    <Platform Name="iOSDevice64">
                        <RemoteDir>..\$(PROJECTNAME).launchscreen\Assets\LaunchScreenImage.imageset</RemoteDir>
                        <Operation>1</Operation>
                    </Platform>
                    <Platform Name="iOSSimulator">
                        <RemoteDir>..\$(PROJECTNAME).launchscreen\Assets\LaunchScreenImage.imageset</RemoteDir>
                        <Operation>1</Operation>
                    </Platform>
                </DeployClass>
                <DeployClass Name="iPhone_Launch320">
                    <Platform Name="iOSDevice32">
                        <Operation>1</Operation>
                    </Platform>
                    <Platform Name="iOSDevice64">
                        <Operation>1</Operation>
                    </Platform>
                    <Platform Name="iOSSimulator">
                        <Operation>1</Operation>
                    </Platform>
                </DeployClass>
                <DeployClass Name="iPhone_Launch3x">
                    <Platform Name="iOSDevice64">
                        <RemoteDir>..\$(PROJECTNAME).launchscreen\Assets\LaunchScreenImage.imageset</RemoteDir>
                        <Operation>1</Operation>
                    </Platform>
                    <Platform Name="iOSSimulator">
                        <RemoteDir>..\$(PROJECTNAME).launchscreen\Assets\LaunchScreenImage.imageset</RemoteDir>
                        <Operation>1</Operation>
                    </Platform>
                </DeployClass>
                <DeployClass Name="iPhone_Launch640">
                    <Platform Name="iOSDevice32">
                        <Operation>1</Operation>
                    </Platform>
                    <Platform Name="iOSDevice64">
                        <Operation>1</Operation>
                    </Platform>
                    <Platform Name="iOSSimulator">
                        <Operation>1</Operation>
                    </Platform>
                </DeployClass>
                <DeployClass Name="iPhone_Launch640x1136">
                    <Platform Name="iOSDevice32">
                        <Operation>1</Operation>
                    </Platform>
                    <Platform Name="iOSDevice64">
                        <Operation>1</Operation>
                    </Platform>
                    <Platform Name="iOSSimulator">
                        <Operation>1</Operation>
                    </Platform>
                </DeployClass>
                <DeployClass Name="iPhone_LaunchDark2x">
                    <Platform Name="iOSDevice64">
                        <RemoteDir>..\$(PROJECTNAME).launchscreen\Assets\LaunchScreenImage.imageset</RemoteDir>
                        <Operation>1</Operation>
                    </Platform>
                    <Platform Name="iOSSimulator">
                        <RemoteDir>..\$(PROJECTNAME).launchscreen\Assets\LaunchScreenImage.imageset</RemoteDir>
                        <Operation>1</Operation>
                    </Platform>
                </DeployClass>
                <DeployClass Name="iPhone_LaunchDark3x">
                    <Platform Name="iOSDevice64">
                        <RemoteDir>..\$(PROJECTNAME).launchscreen\Assets\LaunchScreenImage.imageset</RemoteDir>
                        <Operation>1</Operation>
                    </Platform>
                    <Platform Name="iOSSimulator">
                        <RemoteDir>..\$(PROJECTNAME).launchscreen\Assets\LaunchScreenImage.imageset</RemoteDir>
                        <Operation>1</Operation>
                    </Platform>
                </DeployClass>
                <DeployClass Name="iPhone_Notification40">
                    <Platform Name="iOSDevice64">
                        <RemoteDir>..\$(PROJECTNAME).launchscreen\Assets\AppIcon.appiconset</RemoteDir>
                        <Operation>1</Operation>
                    </Platform>
                    <Platform Name="iOSSimulator">
                        <RemoteDir>..\$(PROJECTNAME).launchscreen\Assets\AppIcon.appiconset</RemoteDir>
                        <Operation>1</Operation>
                    </Platform>
                </DeployClass>
                <DeployClass Name="iPhone_Notification60">
                    <Platform Name="iOSDevice64">
                        <RemoteDir>..\$(PROJECTNAME).launchscreen\Assets\AppIcon.appiconset</RemoteDir>
                        <Operation>1</Operation>
                    </Platform>
                    <Platform Name="iOSSimulator">
                        <RemoteDir>..\$(PROJECTNAME).launchscreen\Assets\AppIcon.appiconset</RemoteDir>
                        <Operation>1</Operation>
                    </Platform>
                </DeployClass>
                <DeployClass Name="iPhone_Setting58">
                    <Platform Name="iOSDevice64">
                        <RemoteDir>..\$(PROJECTNAME).launchscreen\Assets\AppIcon.appiconset</RemoteDir>
                        <Operation>1</Operation>
                    </Platform>
                    <Platform Name="iOSSimulator">
                        <RemoteDir>..\$(PROJECTNAME).launchscreen\Assets\AppIcon.appiconset</RemoteDir>
                        <Operation>1</Operation>
                    </Platform>
                </DeployClass>
                <DeployClass Name="iPhone_Setting87">
                    <Platform Name="iOSDevice64">
                        <RemoteDir>..\$(PROJECTNAME).launchscreen\Assets\AppIcon.appiconset</RemoteDir>
                        <Operation>1</Operation>
                    </Platform>
                    <Platform Name="iOSSimulator">
                        <RemoteDir>..\$(PROJECTNAME).launchscreen\Assets\AppIcon.appiconset</RemoteDir>
                        <Operation>1</Operation>
                    </Platform>
                </DeployClass>
                <DeployClass Name="iPhone_Spotlight120">
                    <Platform Name="iOSDevice64">
                        <RemoteDir>..\$(PROJECTNAME).launchscreen\Assets\AppIcon.appiconset</RemoteDir>
                        <Operation>1</Operation>
                    </Platform>
                    <Platform Name="iOSSimulator">
                        <RemoteDir>..\$(PROJECTNAME).launchscreen\Assets\AppIcon.appiconset</RemoteDir>
                        <Operation>1</Operation>
                    </Platform>
                </DeployClass>
                <DeployClass Name="iPhone_Spotlight80">
                    <Platform Name="iOSDevice64">
                        <RemoteDir>..\$(PROJECTNAME).launchscreen\Assets\AppIcon.appiconset</RemoteDir>
                        <Operation>1</Operation>
                    </Platform>
                    <Platform Name="iOSSimulator">
                        <RemoteDir>..\$(PROJECTNAME).launchscreen\Assets\AppIcon.appiconset</RemoteDir>
                        <Operation>1</Operation>
                    </Platform>
                </DeployClass>
                <DeployClass Name="ProjectAndroidManifest">
                    <Platform Name="Android">
                        <Operation>1</Operation>
                    </Platform>
                    <Platform Name="Android64">
                        <Operation>1</Operation>
                    </Platform>
                </DeployClass>
                <DeployClass Name="ProjectiOSDeviceDebug">
                    <Platform Name="iOSDevice32">
                        <RemoteDir>..\$(PROJECTNAME).app.dSYM\Contents\Resources\DWARF</RemoteDir>
                        <Operation>1</Operation>
                    </Platform>
                    <Platform Name="iOSDevice64">
                        <RemoteDir>..\$(PROJECTNAME).app.dSYM\Contents\Resources\DWARF</RemoteDir>
                        <Operation>1</Operation>
                    </Platform>
                </DeployClass>
                <DeployClass Name="ProjectiOSDeviceResourceRules">
                    <Platform Name="iOSDevice32">
                        <Operation>1</Operation>
                    </Platform>
                    <Platform Name="iOSDevice64">
                        <Operation>1</Operation>
                    </Platform>
                </DeployClass>
                <DeployClass Name="ProjectiOSEntitlements">
                    <Platform Name="iOSDevice32">
                        <RemoteDir>..\</RemoteDir>
                        <Operation>1</Operation>
                    </Platform>
                    <Platform Name="iOSDevice64">
                        <RemoteDir>..\</RemoteDir>
                        <Operation>1</Operation>
                    </Platform>
                </DeployClass>
                <DeployClass Name="ProjectiOSInfoPList">
                    <Platform Name="iOSDevice32">
                        <Operation>1</Operation>
                    </Platform>
                    <Platform Name="iOSDevice64">
                        <Operation>1</Operation>
                    </Platform>
                    <Platform Name="iOSSimulator">
                        <Operation>1</Operation>
                    </Platform>
                </DeployClass>
                <DeployClass Name="ProjectiOSLaunchScreen">
                    <Platform Name="iOSDevice64">
                        <RemoteDir>..\$(PROJECTNAME).launchscreen</RemoteDir>
                        <Operation>64</Operation>
                    </Platform>
                    <Platform Name="iOSSimulator">
                        <RemoteDir>..\$(PROJECTNAME).launchscreen</RemoteDir>
                        <Operation>64</Operation>
                    </Platform>
                </DeployClass>
                <DeployClass Name="ProjectiOSResource">
                    <Platform Name="iOSDevice32">
                        <Operation>1</Operation>
                    </Platform>
                    <Platform Name="iOSDevice64">
                        <Operation>1</Operation>
                    </Platform>
                    <Platform Name="iOSSimulator">
                        <Operation>1</Operation>
                    </Platform>
                </DeployClass>
                <DeployClass Name="ProjectOSXDebug">
                    <Platform Name="OSX64">
                        <RemoteDir>..\$(PROJECTNAME).app.dSYM\Contents\Resources\DWARF</RemoteDir>
                        <Operation>1</Operation>
                    </Platform>
                    <Platform Name="OSXARM64">
                        <RemoteDir>..\$(PROJECTNAME).app.dSYM\Contents\Resources\DWARF</RemoteDir>
                        <Operation>1</Operation>
                    </Platform>
                </DeployClass>
                <DeployClass Name="ProjectOSXEntitlements">
                    <Platform Name="OSX32">
                        <RemoteDir>..\</RemoteDir>
                        <Operation>1</Operation>
                    </Platform>
                    <Platform Name="OSX64">
                        <RemoteDir>..\</RemoteDir>
                        <Operation>1</Operation>
                    </Platform>
                    <Platform Name="OSXARM64">
                        <RemoteDir>..\</RemoteDir>
                        <Operation>1</Operation>
                    </Platform>
                </DeployClass>
                <DeployClass Name="ProjectOSXInfoPList">
                    <Platform Name="OSX32">
                        <RemoteDir>Contents</RemoteDir>
                        <Operation>1</Operation>
                    </Platform>
                    <Platform Name="OSX64">
                        <RemoteDir>Contents</RemoteDir>
                        <Operation>1</Operation>
                    </Platform>
                    <Platform Name="OSXARM64">
                        <RemoteDir>Contents</RemoteDir>
                        <Operation>1</Operation>
                    </Platform>
                </DeployClass>
                <DeployClass Name="ProjectOSXResource">
                    <Platform Name="OSX32">
                        <RemoteDir>Contents\Resources</RemoteDir>
                        <Operation>1</Operation>
                    </Platform>
                    <Platform Name="OSX64">
                        <RemoteDir>Contents\Resources</RemoteDir>
                        <Operation>1</Operation>
                    </Platform>
                    <Platform Name="OSXARM64">
                        <RemoteDir>Contents\Resources</RemoteDir>
                        <Operation>1</Operation>
                    </Platform>
                </DeployClass>
                <DeployClass Required="true" Name="ProjectOutput">
                    <Platform Name="Android">
                        <RemoteDir>library\lib\armeabi-v7a</RemoteDir>
                        <Operation>1</Operation>
                    </Platform>
                    <Platform Name="Android64">
                        <RemoteDir>library\lib\arm64-v8a</RemoteDir>
                        <Operation>1</Operation>
                    </Platform>
                    <Platform Name="iOSDevice32">
                        <Operation>1</Operation>
                    </Platform>
                    <Platform Name="iOSDevice64">
                        <Operation>1</Operation>
                    </Platform>
                    <Platform Name="iOSSimulator">
                        <Operation>1</Operation>
                    </Platform>
                    <Platform Name="Linux64">
                        <Operation>1</Operation>
                    </Platform>
                    <Platform Name="OSX32">
                        <RemoteDir>Contents\MacOS</RemoteDir>
                        <Operation>1</Operation>
                    </Platform>
                    <Platform Name="OSX64">
                        <RemoteDir>Contents\MacOS</RemoteDir>
                        <Operation>1</Operation>
                    </Platform>
                    <Platform Name="OSXARM64">
                        <RemoteDir>Contents\MacOS</RemoteDir>
                        <Operation>1</Operation>
                    </Platform>
                    <Platform Name="Win32">
                        <Operation>0</Operation>
                    </Platform>
                </DeployClass>
                <DeployClass Name="ProjectOutput_Android32">
                    <Platform Name="Android64">
                        <RemoteDir>library\lib\armeabi-v7a</RemoteDir>
                        <Operation>1</Operation>
                    </Platform>
                </DeployClass>
                <DeployClass Name="ProjectUWPManifest">
                    <Platform Name="Win32">
                        <Operation>1</Operation>
                    </Platform>
                    <Platform Name="Win64">
                        <Operation>1</Operation>
                    </Platform>
                </DeployClass>
                <DeployClass Name="UWP_DelphiLogo150">
                    <Platform Name="Win32">
                        <RemoteDir>Assets</RemoteDir>
                        <Operation>1</Operation>
                    </Platform>
                    <Platform Name="Win64">
                        <RemoteDir>Assets</RemoteDir>
                        <Operation>1</Operation>
                    </Platform>
                </DeployClass>
                <DeployClass Name="UWP_DelphiLogo44">
                    <Platform Name="Win32">
                        <RemoteDir>Assets</RemoteDir>
                        <Operation>1</Operation>
                    </Platform>
                    <Platform Name="Win64">
                        <RemoteDir>Assets</RemoteDir>
                        <Operation>1</Operation>
                    </Platform>
                </DeployClass>
                <ProjectRoot Platform="OSX32" Name="$(PROJECTNAME).app"/>
                <ProjectRoot Platform="OSX64" Name="$(PROJECTNAME).app"/>
                <ProjectRoot Platform="Win32" Name="$(PROJECTNAME)"/>
                <ProjectRoot Platform="Android64" Name="$(PROJECTNAME)"/>
                <ProjectRoot Platform="Android" Name="$(PROJECTNAME)"/>
                <ProjectRoot Platform="Win64" Name="$(PROJECTNAME)"/>
                <ProjectRoot Platform="OSXARM64" Name="$(PROJECTNAME).app"/>
                <ProjectRoot Platform="iOSDevice32" Name="$(PROJECTNAME).app"/>
                <ProjectRoot Platform="iOSDevice64" Name="$(PROJECTNAME).app"/>
                <ProjectRoot Platform="Linux64" Name="$(PROJECTNAME)"/>
                <ProjectRoot Platform="iOSSimulator" Name="$(PROJECTNAME).app"/>
            </Deployment>
            <Platforms>
                <Platform value="Win32">True</Platform>
                <Platform value="Win64">False</Platform>
            </Platforms>
            <ModelSupport>False</ModelSupport>
        </BorlandProject>
        <ProjectFileVersion>12</ProjectFileVersion>
    </ProjectExtensions>
    <Import Project="$(BDS)\Bin\CodeGear.Delphi.Targets" Condition="Exists('$(BDS)\Bin\CodeGear.Delphi.Targets')"/>
    <Import Project="$(APPDATA)\Embarcadero\$(BDSAPPDATABASEDIR)\$(PRODUCTVERSION)\UserTools.proj" Condition="Exists('$(APPDATA)\Embarcadero\$(BDSAPPDATABASEDIR)\$(PRODUCTVERSION)\UserTools.proj')"/>
    <Import Project="$(MSBuildProjectName).deployproj" Condition="Exists('$(MSBuildProjectName).deployproj')"/>
</Project>
